
Microsoft Visual Studio Solution File, Format Version 12.00
# Visual Studio 14
VisualStudioVersion = 14.0.25420.1
MinimumVisualStudioVersion = 10.0.40219.1
Project("{FAE04EC0-301F-11D3-BF4B-00C04F79EFBC}") = "WebAlumnosFP", "WebAlumnosFP\WebAlumnosFP.csproj", "{2A3FF498-B163-4BEC-9361-C638A61C28D6}"
EndProject
Project("{FAE04EC0-301F-11D3-BF4B-00C04F79EFBC}") = "LogicaNegocios", "LogicaNegocios\LogicaNegocios.csproj", "{8E3DF911-8470-43BF-ACBD-C74B8430D73D}"
EndProject
Global
	GlobalSection(SolutionConfigurationPlatforms) = preSolution
		Debug|Any CPU = Debug|Any CPU
		Release|Any CPU = Release|Any CPU
	EndGlobalSection
	GlobalSection(ProjectConfigurationPlatforms) = postSolution
		{2A3FF498-B163-4BEC-9361-C638A61C28D6}.Debug|Any CPU.ActiveCfg = Debug|Any CPU
		{2A3FF498-B163-4BEC-9361-C638A61C28D6}.Debug|Any CPU.Build.0 = Debug|Any CPU
		{2A3FF498-B163-4BEC-9361-C638A61C28D6}.Release|Any CPU.ActiveCfg = Release|Any CPU
		{2A3FF498-B163-4BEC-9361-C638A61C28D6}.Release|Any CPU.Build.0 = Release|Any CPU
		{8E3DF911-8470-43BF-ACBD-C74B8430D73D}.Debug|Any CPU.ActiveCfg = Debug|Any CPU
		{8E3DF911-8470-43BF-ACBD-C74B8430D73D}.Debug|Any CPU.Build.0 = Debug|Any CPU
		{8E3DF911-8470-43BF-ACBD-C74B8430D73D}.Release|Any CPU.ActiveCfg = Release|Any CPU
		{8E3DF911-8470-43BF-ACBD-C74B8430D73D}.Release|Any CPU.Build.0 = Release|Any CPU
	EndGlobalSection
	GlobalSection(SolutionProperties) = preSolution
		HideSolutionNode = FALSE
	EndGlobalSection
EndGlobal
