
Microsoft Visual Studio Solution File, Format Version 11.00
# Visual Studio 2010
Project("{FAE04EC0-301F-11D3-BF4B-00C04F79EFBC}") = "DEMO Datos entre Forms", "DEMO Datos entre Forms\DEMO Datos entre Forms.csproj", "{66201C01-E9DA-4F62-B5D1-38F5BAD21508}"
EndProject
Global
	GlobalSection(SolutionConfigurationPlatforms) = preSolution
		Debug|Any CPU = Debug|Any CPU
		Release|Any CPU = Release|Any CPU
	EndGlobalSection
	GlobalSection(ProjectConfigurationPlatforms) = postSolution
		{66201C01-E9DA-4F62-B5D1-38F5BAD21508}.Debug|Any CPU.ActiveCfg = Debug|Any CPU
		{66201C01-E9DA-4F62-B5D1-38F5BAD21508}.Debug|Any CPU.Build.0 = Debug|Any CPU
		{66201C01-E9DA-4F62-B5D1-38F5BAD21508}.Release|Any CPU.ActiveCfg = Release|Any CPU
		{66201C01-E9DA-4F62-B5D1-38F5BAD21508}.Release|Any CPU.Build.0 = Release|Any CPU
	EndGlobalSection
	GlobalSection(SolutionProperties) = preSolution
		HideSolutionNode = FALSE
	EndGlobalSection
EndGlobal
